// !$*UTF8*$!
{
	archiveVersion = 1;
	classes = {
	};
	objectVersion = 55;
	objects = {

/* Begin PBXBuildFile section */
		BB37F7012736D27C00B0CCB1 /* Collectible_Cards_AssignmentApp.swift in Sources */ = {isa = PBXBuildFile; fileRef = BB37F7002736D27C00B0CCB1 /* Collectible_Cards_AssignmentApp.swift */; };
		BB37F7032736D27C00B0CCB1 /* ContentView.swift in Sources */ = {isa = PBXBuildFile; fileRef = BB37F7022736D27C00B0CCB1 /* ContentView.swift */; };
		BB37F7052736D28200B0CCB1 /* Assets.xcassets in Resources */ = {isa = PBXBuildFile; fileRef = BB37F7042736D28200B0CCB1 /* Assets.xcassets */; };
		BB37F7082736D28200B0CCB1 /* Preview Assets.xcassets in Resources */ = {isa = PBXBuildFile; fileRef = BB37F7072736D28200B0CCB1 /* Preview Assets.xcassets */; };
		BB37F7102739872F00B0CCB1 /* DetailView.swift in Sources */ = {isa = PBXBuildFile; fileRef = BB37F70F2739872F00B0CCB1 /* DetailView.swift */; };
		BBEADC67273AEE5600EF05BA /* ListView.swift in Sources */ = {isa = PBXBuildFile; fileRef = BBEADC66273AEE5600EF05BA /* ListView.swift */; };
		BBEADC6A273B080100EF05BA /* CollectibleCards.swift in Sources */ = {isa = PBXBuildFile; fileRef = BBEADC69273B080100EF05BA /* CollectibleCards.swift */; };
		BBEADC6D273C734C00EF05BA /* ListCaptionView.swift in Sources */ = {isa = PBXBuildFile; fileRef = BBEADC6C273C734C00EF05BA /* ListCaptionView.swift */; };
/* End PBXBuildFile section */

/* Begin PBXFileReference section */
		BB37F6FD2736D27C00B0CCB1 /* Collectible Cards Assignment.app */ = {isa = PBXFileReference; explicitFileType = wrapper.application; includeInIndex = 0; path = "Collectible Cards Assignment.app"; sourceTree = BUILT_PRODUCTS_DIR; };
		BB37F7002736D27C00B0CCB1 /* Collectible_Cards_AssignmentApp.swift */ = {isa = PBXFileReference; lastKnownFileType = sourcecode.swift; path = Collectible_Cards_AssignmentApp.swift; sourceTree = "<group>"; };
		BB37F7022736D27C00B0CCB1 /* ContentView.swift */ = {isa = PBXFileReference; lastKnownFileType = sourcecode.swift; path = ContentView.swift; sourceTree = "<group>"; };
		BB37F7042736D28200B0CCB1 /* Assets.xcassets */ = {isa = PBXFileReference; lastKnownFileType = folder.assetcatalog; path = Assets.xcassets; sourceTree = "<group>"; };
		BB37F7072736D28200B0CCB1 /* Preview Assets.xcassets */ = {isa = PBXFileReference; lastKnownFileType = folder.assetcatalog; path = "Preview Assets.xcassets"; sourceTree = "<group>"; };
		BB37F70F2739872F00B0CCB1 /* DetailView.swift */ = {isa = PBXFileReference; lastKnownFileType = sourcecode.swift; path = DetailView.swift; sourceTree = "<group>"; };
		BBEADC66273AEE5600EF05BA /* ListView.swift */ = {isa = PBXFileReference; lastKnownFileType = sourcecode.swift; path = ListView.swift; sourceTree = "<group>"; };
		BBEADC69273B080100EF05BA /* CollectibleCards.swift */ = {isa = PBXFileReference; lastKnownFileType = sourcecode.swift; path = CollectibleCards.swift; sourceTree = "<group>"; };
		BBEADC6C273C734C00EF05BA /* ListCaptionView.swift */ = {isa = PBXFileReference; lastKnownFileType = sourcecode.swift; path = ListCaptionView.swift; sourceTree = "<group>"; };
/* End PBXFileReference section */

/* Begin PBXFrameworksBuildPhase section */
		BB37F6FA2736D27C00B0CCB1 /* Frameworks */ = {
			isa = PBXFrameworksBuildPhase;
			buildActionMask = 2147483647;
			files = (
			);
			runOnlyForDeploymentPostprocessing = 0;
		};
/* End PBXFrameworksBuildPhase section */

/* Begin PBXGroup section */
		BB37F6F42736D27C00B0CCB1 = {
			isa = PBXGroup;
			children = (
				BB37F6FF2736D27C00B0CCB1 /* Collectible Cards Assignment */,
				BB37F6FE2736D27C00B0CCB1 /* Products */,
			);
			sourceTree = "<group>";
		};
		BB37F6FE2736D27C00B0CCB1 /* Products */ = {
			isa = PBXGroup;
			children = (
				BB37F6FD2736D27C00B0CCB1 /* Collectible Cards Assignment.app */,
			);
			name = Products;
			sourceTree = "<group>";
		};
		BB37F6FF2736D27C00B0CCB1 /* Collectible Cards Assignment */ = {
			isa = PBXGroup;
			children = (
				BB37F7002736D27C00B0CCB1 /* Collectible_Cards_AssignmentApp.swift */,
				BB37F7022736D27C00B0CCB1 /* ContentView.swift */,
				BB37F7042736D28200B0CCB1 /* Assets.xcassets */,
				BBEADC68273B07BB00EF05BA /* Model */,
				BB37F70E2739861100B0CCB1 /* Views */,
				BB37F7062736D28200B0CCB1 /* Preview Content */,
			);
			path = "Collectible Cards Assignment";
			sourceTree = "<group>";
		};
		BB37F7062736D28200B0CCB1 /* Preview Content */ = {
			isa = PBXGroup;
			children = (
				BB37F7072736D28200B0CCB1 /* Preview Assets.xcassets */,
			);
			path = "Preview Content";
			sourceTree = "<group>";
		};
		BB37F70E2739861100B0CCB1 /* Views */ = {
			isa = PBXGroup;
			children = (
				BB37F70F2739872F00B0CCB1 /* DetailView.swift */,
				BBEADC66273AEE5600EF05BA /* ListView.swift */,
			);
			path = Views;
			sourceTree = "<group>";
		};
		BBEADC68273B07BB00EF05BA /* Model */ = {
			isa = PBXGroup;
			children = (
				BBEADC69273B080100EF05BA /* CollectibleCards.swift */,
				BBEADC6B273C714100EF05BA /* Shared */,
			);
			path = Model;
			sourceTree = "<group>";
		};
		BBEADC6B273C714100EF05BA /* Shared */ = {
			isa = PBXGroup;
			children = (
				BBEADC6C273C734C00EF05BA /* ListCaptionView.swift */,
			);
			path = Shared;
			sourceTree = "<group>";
		};
/* End PBXGroup section */

/* Begin PBXNativeTarget section */
		BB37F6FC2736D27C00B0CCB1 /* Collectible Cards Assignment */ = {
			isa = PBXNativeTarget;
			buildConfigurationList = BB37F70B2736D28200B0CCB1 /* Build configuration list for PBXNativeTarget "Collectible Cards Assignment" */;
			buildPhases = (
				BB37F6F92736D27C00B0CCB1 /* Sources */,
				BB37F6FA2736D27C00B0CCB1 /* Frameworks */,
				BB37F6FB2736D27C00B0CCB1 /* Resources */,
			);
			buildRules = (
			);
			dependencies = (
			);
			name = "Collectible Cards Assignment";
			productName = "Collectible Cards Assignment";
			productReference = BB37F6FD2736D27C00B0CCB1 /* Collectible Cards Assignment.app */;
			productType = "com.apple.product-type.application";
		};
/* End PBXNativeTarget section */

/* Begin PBXProject section */
		BB37F6F52736D27C00B0CCB1 /* Project object */ = {
			isa = PBXProject;
			attributes = {
				BuildIndependentTargetsInParallel = 1;
				LastSwiftUpdateCheck = 1310;
				LastUpgradeCheck = 1310;
				TargetAttributes = {
					BB37F6FC2736D27C00B0CCB1 = {
						CreatedOnToolsVersion = 13.1;
					};
				};
			};
			buildConfigurationList = BB37F6F82736D27C00B0CCB1 /* Build configuration list for PBXProject "Collectible Cards Assignment" */;
			compatibilityVersion = "Xcode 13.0";
			developmentRegion = en;
			hasScannedForEncodings = 0;
			knownRegions = (
				en,
				Base,
			);
			mainGroup = BB37F6F42736D27C00B0CCB1;
			productRefGroup = BB37F6FE2736D27C00B0CCB1 /* Products */;
			projectDirPath = "";
			projectRoot = "";
			targets = (
				BB37F6FC2736D27C00B0CCB1 /* Collectible Cards Assignment */,
			);
		};
/* End PBXProject section */

/* Begin PBXResourcesBuildPhase section */
		BB37F6FB2736D27C00B0CCB1 /* Resources */ = {
			isa = PBXResourcesBuildPhase;
			buildActionMask = 2147483647;
			files = (
				BB37F7082736D28200B0CCB1 /* Preview Assets.xcassets in Resources */,
				BB37F7052736D28200B0CCB1 /* Assets.xcassets in Resources */,
			);
			runOnlyForDeploymentPostprocessing = 0;
		};
/* End PBXResourcesBuildPhase section */

/* Begin PBXSourcesBuildPhase section */
		BB37F6F92736D27C00B0CCB1 /* Sources */ = {
			isa = PBXSourcesBuildPhase;
			buildActionMask = 2147483647;
			files = (
				BBEADC6A273B080100EF05BA /* CollectibleCards.swift in Sources */,
				BBEADC6D273C734C00EF05BA /* ListCaptionView.swift in Sources */,
				BBEADC67273AEE5600EF05BA /* ListView.swift in Sources */,
				BB37F7032736D27C00B0CCB1 /* ContentView.swift in Sources */,
				BB37F7102739872F00B0CCB1 /* DetailView.swift in Sources */,
				BB37F7012736D27C00B0CCB1 /* Collectible_Cards_AssignmentApp.swift in Sources */,
			);
			runOnlyForDeploymentPostprocessing = 0;
		};
/* End PBXSourcesBuildPhase section */

/* Begin XCBuildConfiguration section */
		BB37F7092736D28200B0CCB1 /* Debug */ = {
			isa = XCBuildConfiguration;
			buildSettings = {
				ALWAYS_SEARCH_USER_PATHS = NO;
				CLANG_ANALYZER_NONNULL = YES;
				CLANG_ANALYZER_NUMBER_OBJECT_CONVERSION = YES_AGGRESSIVE;
				CLANG_CXX_LANGUAGE_STANDARD = "gnu++17";
				CLANG_CXX_LIBRARY = "libc++";
				CLANG_ENABLE_MODULES = YES;
				CLANG_ENABLE_OBJC_ARC = YES;
				CLANG_ENABLE_OBJC_WEAK = YES;
				CLANG_WARN_BLOCK_CAPTURE_AUTORELEASING = YES;
				CLANG_WARN_BOOL_CONVERSION = YES;
				CLANG_WARN_COMMA = YES;
				CLANG_WARN_CONSTANT_CONVERSION = YES;
				CLANG_WARN_DEPRECATED_OBJC_IMPLEMENTATIONS = YES;
				CLANG_WARN_DIRECT_OBJC_ISA_USAGE = YES_ERROR;
				CLANG_WARN_DOCUMENTATION_COMMENTS = YES;
				CLANG_WARN_EMPTY_BODY = YES;
				CLANG_WARN_ENUM_CONVERSION = YES;
				CLANG_WARN_INFINITE_RECURSION = YES;
				CLANG_WARN_INT_CONVERSION = YES;
				CLANG_WARN_NON_LITERAL_NULL_CONVERSION = YES;
				CLANG_WARN_OBJC_IMPLICIT_RETAIN_SELF = YES;
				CLANG_WARN_OBJC_LITERAL_CONVERSION = YES;
				CLANG_WARN_OBJC_ROOT_CLASS = YES_ERROR;
				CLANG_WARN_QUOTED_INCLUDE_IN_FRAMEWORK_HEADER = YES;
				CLANG_WARN_RANGE_LOOP_ANALYSIS = YES;
				CLANG_WARN_STRICT_PROTOTYPES = YES;
				CLANG_WARN_SUSPICIOUS_MOVE = YES;
				CLANG_WARN_UNGUARDED_AVAILABILITY = YES_AGGRESSIVE;
				CLANG_WARN_UNREACHABLE_CODE = YES;
				CLANG_WARN__DUPLICATE_METHOD_MATCH = YES;
				COPY_PHASE_STRIP = NO;
				DEBUG_INFORMATION_FORMAT = dwarf;
				ENABLE_STRICT_OBJC_MSGSEND = YES;
				ENABLE_TESTABILITY = YES;
				GCC_C_LANGUAGE_STANDARD = gnu11;
				GCC_DYNAMIC_NO_PIC = NO;
				GCC_NO_COMMON_BLOCKS = YES;
				GCC_OPTIMIZATION_LEVEL = 0;
				GCC_PREPROCESSOR_DEFINITIONS = (
					"DEBUG=1",
					"$(inherited)",
				);
				GCC_WARN_64_TO_32_BIT_CONVERSION = YES;
				GCC_WARN_ABOUT_RETURN_TYPE = YES_ERROR;
				GCC_WARN_UNDECLARED_SELECTOR = YES;
				GCC_WARN_UNINITIALIZED_AUTOS = YES_AGGRESSIVE;
				GCC_WARN_UNUSED_FUNCTION = YES;
				GCC_WARN_UNUSED_VARIABLE = YES;
				IPHONEOS_DEPLOYMENT_TARGET = 15.0;
				MTL_ENABLE_DEBUG_INFO = INCLUDE_SOURCE;
				MTL_FAST_MATH = YES;
				ONLY_ACTIVE_ARCH = YES;
				SDKROOT = iphoneos;
				SWIFT_ACTIVE_COMPILATION_CONDITIONS = DEBUG;
				SWIFT_OPTIMIZATION_LEVEL = "-Onone";
			};
			name = Debug;
		};
		BB37F70A2736D28200B0CCB1 /* Release */ = {
			isa = XCBuildConfiguration;
			buildSettings = {
				ALWAYS_SEARCH_USER_PATHS = NO;
				CLANG_ANALYZER_NONNULL = YES;
				CLANG_ANALYZER_NUMBER_OBJECT_CONVERSION = YES_AGGRESSIVE;
				CLANG_CXX_LANGUAGE_STANDARD = "gnu++17";
				CLANG_CXX_LIBRARY = "libc++";
				CLANG_ENABLE_MODULES = YES;
				CLANG_ENABLE_OBJC_ARC = YES;
				CLANG_ENABLE_OBJC_WEAK = YES;
				CLANG_WARN_BLOCK_CAPTURE_AUTORELEASING = YES;
				CLANG_WARN_BOOL_CONVERSION = YES;
				CLANG_WARN_COMMA = YES;
				CLANG_WARN_CONSTANT_CONVERSION = YES;
				CLANG_WARN_DEPRECATED_OBJC_IMPLEMENTATIONS = YES;
				CLANG_WARN_DIRECT_OBJC_ISA_USAGE = YES_ERROR;
				CLANG_WARN_DOCUMENTATION_COMMENTS = YES;
				CLANG_WARN_EMPTY_BODY = YES;
				CLANG_WARN_ENUM_CONVERSION = YES;
				CLANG_WARN_INFINITE_RECURSION = YES;
				CLANG_WARN_INT_CONVERSION = YES;
				CLANG_WARN_NON_LITERAL_NULL_CONVERSION = YES;
				CLANG_WARN_OBJC_IMPLICIT_RETAIN_SELF = YES;
				CLANG_WARN_OBJC_LITERAL_CONVERSION = YES;
				CLANG_WARN_OBJC_ROOT_CLASS = YES_ERROR;
				CLANG_WARN_QUOTED_INCLUDE_IN_FRAMEWORK_HEADER = YES;
				CLANG_WARN_RANGE_LOOP_ANALYSIS = YES;
				CLANG_WARN_STRICT_PROTOTYPES = YES;
				CLANG_WARN_SUSPICIOUS_MOVE = YES;
				CLANG_WARN_UNGUARDED_AVAILABILITY = YES_AGGRESSIVE;
				CLANG_WARN_UNREACHABLE_CODE = YES;
				CLANG_WARN__DUPLICATE_METHOD_MATCH = YES;
				COPY_PHASE_STRIP = NO;
				DEBUG_INFORMATION_FORMAT = "dwarf-with-dsym";
				ENABLE_NS_ASSERTIONS = NO;
				ENABLE_STRICT_OBJC_MSGSEND = YES;
				GCC_C_LANGUAGE_STANDARD = gnu11;
				GCC_NO_COMMON_BLOCKS = YES;
				GCC_WARN_64_TO_32_BIT_CONVERSION = YES;
				GCC_WARN_ABOUT_RETURN_TYPE = YES_ERROR;
				GCC_WARN_UNDECLARED_SELECTOR = YES;
				GCC_WARN_UNINITIALIZED_AUTOS = YES_AGGRESSIVE;
				GCC_WARN_UNUSED_FUNCTION = YES;
				GCC_WARN_UNUSED_VARIABLE = YES;
				IPHONEOS_DEPLOYMENT_TARGET = 15.0;
				MTL_ENABLE_DEBUG_INFO = NO;
				MTL_FAST_MATH = YES;
				SDKROOT = iphoneos;
				SWIFT_COMPILATION_MODE = wholemodule;
				SWIFT_OPTIMIZATION_LEVEL = "-O";
				VALIDATE_PRODUCT = YES;
			};
			name = Release;
		};
		BB37F70C2736D28200B0CCB1 /* Debug */ = {
			isa = XCBuildConfiguration;
			buildSettings = {
				ASSETCATALOG_COMPILER_APPICON_NAME = AppIcon;
				ASSETCATALOG_COMPILER_GLOBAL_ACCENT_COLOR_NAME = AccentColor;
				CODE_SIGN_STYLE = Automatic;
				CURRENT_PROJECT_VERSION = 1;
				DEVELOPMENT_ASSET_PATHS = "\"Collectible Cards Assignment/Preview Content\"";
				DEVELOPMENT_TEAM = XP96WCW5X5;
				ENABLE_PREVIEWS = YES;
				GENERATE_INFOPLIST_FILE = YES;
				INFOPLIST_KEY_UIApplicationSceneManifest_Generation = YES;
				INFOPLIST_KEY_UIApplicationSupportsIndirectInputEvents = YES;
				INFOPLIST_KEY_UILaunchScreen_Generation = YES;
				INFOPLIST_KEY_UISupportedInterfaceOrientations_iPad = "UIInterfaceOrientationPortrait UIInterfaceOrientationPortraitUpsideDown UIInterfaceOrientationLandscapeLeft UIInterfaceOrientationLandscapeRight";
				INFOPLIST_KEY_UISupportedInterfaceOrientations_iPhone = "UIInterfaceOrientationPortrait UIInterfaceOrientationLandscapeLeft UIInterfaceOrientationLandscapeRight";
				LD_RUNPATH_SEARCH_PATHS = (
					"$(inherited)",
					"@executable_path/Frameworks",
				);
				MARKETING_VERSION = 1.0;
				PRODUCT_BUNDLE_IDENTIFIER = "Iamsotired.Collectible-Cards-Assignment";
				PRODUCT_NAME = "$(TARGET_NAME)";
				SWIFT_EMIT_LOC_STRINGS = YES;
				SWIFT_VERSION = 5.0;
				TARGETED_DEVICE_FAMILY = "1,2";
			};
			name = Debug;
		};
		BB37F70D2736D28200B0CCB1 /* Release */ = {
			isa = XCBuildConfiguration;
			buildSettings = {
				ASSETCATALOG_COMPILER_APPICON_NAME = AppIcon;
				ASSETCATALOG_COMPILER_GLOBAL_ACCENT_COLOR_NAME = AccentColor;
				CODE_SIGN_STYLE = Automatic;
				CURRENT_PROJECT_VERSION = 1;
				DEVELOPMENT_ASSET_PATHS = "\"Collectible Cards Assignment/Preview Content\"";
				DEVELOPMENT_TEAM = XP96WCW5X5;
				ENABLE_PREVIEWS = YES;
				GENERATE_INFOPLIST_FILE = YES;
				INFOPLIST_KEY_UIApplicationSceneManifest_Generation = YES;
				INFOPLIST_KEY_UIApplicationSupportsIndirectInputEvents = YES;
				INFOPLIST_KEY_UILaunchScreen_Generation = YES;
				INFOPLIST_KEY_UISupportedInterfaceOrientations_iPad = "UIInterfaceOrientationPortrait UIInterfaceOrientationPortraitUpsideDown UIInterfaceOrientationLandscapeLeft UIInterfaceOrientationLandscapeRight";
				INFOPLIST_KEY_UISupportedInterfaceOrientations_iPhone = "UIInterfaceOrientationPortrait UIInterfaceOrientationLandscapeLeft UIInterfaceOrientationLandscapeRight";
				LD_RUNPATH_SEARCH_PATHS = (
					"$(inherited)",
					"@executable_path/Frameworks",
				);
				MARKETING_VERSION = 1.0;
				PRODUCT_BUNDLE_IDENTIFIER = "Iamsotired.Collectible-Cards-Assignment";
				PRODUCT_NAME = "$(TARGET_NAME)";
				SWIFT_EMIT_LOC_STRINGS = YES;
				SWIFT_VERSION = 5.0;
				TARGETED_DEVICE_FAMILY = "1,2";
			};
			name = Release;
		};
/* End XCBuildConfiguration section */

/* Begin XCConfigurationList section */
		BB37F6F82736D27C00B0CCB1 /* Build configuration list for PBXProject "Collectible Cards Assignment" */ = {
			isa = XCConfigurationList;
			buildConfigurations = (
				BB37F7092736D28200B0CCB1 /* Debug */,
				BB37F70A2736D28200B0CCB1 /* Release */,
			);
			defaultConfigurationIsVisible = 0;
			defaultConfigurationName = Release;
		};
		BB37F70B2736D28200B0CCB1 /* Build configuration list for PBXNativeTarget "Collectible Cards Assignment" */ = {
			isa = XCConfigurationList;
			buildConfigurations = (
				BB37F70C2736D28200B0CCB1 /* Debug */,
				BB37F70D2736D28200B0CCB1 /* Release */,
			);
			defaultConfigurationIsVisible = 0;
			defaultConfigurationName = Release;
		};
/* End XCConfigurationList section */
	};
	rootObject = BB37F6F52736D27C00B0CCB1 /* Project object */;
}
